// !$*UTF8*$!
{
	archiveVersion = 1;
	classes = {
	};
	objectVersion = 46;
	objects = {

/* Begin PBXBuildFile section */
		17135F3E1DD1E0BA00FF69D2 /* AppDelegate.swift in Sources */ = {isa = PBXBuildFile; fileRef = 17135F3D1DD1E0BA00FF69D2 /* AppDelegate.swift */; };
		17135F401DD1E0BA00FF69D2 /* ViewController.swift in Sources */ = {isa = PBXBuildFile; fileRef = 17135F3F1DD1E0BA00FF69D2 /* ViewController.swift */; };
		17135F431DD1E0BA00FF69D2 /* Main.storyboard in Resources */ = {isa = PBXBuildFile; fileRef = 17135F411DD1E0BA00FF69D2 /* Main.storyboard */; };
		17135F451DD1E0BA00FF69D2 /* Assets.xcassets in Resources */ = {isa = PBXBuildFile; fileRef = 17135F441DD1E0BA00FF69D2 /* Assets.xcassets */; };
		17135F481DD1E0BA00FF69D2 /* LaunchScreen.storyboard in Resources */ = {isa = PBXBuildFile; fileRef = 17135F461DD1E0BA00FF69D2 /* LaunchScreen.storyboard */; };
		76DB87C61DD1EA8900D9E912 /* Proxima-Nova-Bold.otf in Resources */ = {isa = PBXBuildFile; fileRef = 76DB87C31DD1EA8900D9E912 /* Proxima-Nova-Bold.otf */; };
		76DB87C71DD1EA8900D9E912 /* Proxima-Nova-Regular.otf in Resources */ = {isa = PBXBuildFile; fileRef = 76DB87C41DD1EA8900D9E912 /* Proxima-Nova-Regular.otf */; };
		76DB87C81DD1EA8900D9E912 /* VelinoDisplay-Medium.otf in Resources */ = {isa = PBXBuildFile; fileRef = 76DB87C51DD1EA8900D9E912 /* VelinoDisplay-Medium.otf */; };
/* End PBXBuildFile section */

/* Begin PBXFileReference section */
		17135F3A1DD1E0BA00FF69D2 /* SwipingApp.app */ = {isa = PBXFileReference; explicitFileType = wrapper.application; includeInIndex = 0; path = SwipingApp.app; sourceTree = BUILT_PRODUCTS_DIR; };
		17135F3D1DD1E0BA00FF69D2 /* AppDelegate.swift */ = {isa = PBXFileReference; lastKnownFileType = sourcecode.swift; path = AppDelegate.swift; sourceTree = "<group>"; };
		17135F3F1DD1E0BA00FF69D2 /* ViewController.swift */ = {isa = PBXFileReference; lastKnownFileType = sourcecode.swift; path = ViewController.swift; sourceTree = "<group>"; };
		17135F421DD1E0BA00FF69D2 /* Base */ = {isa = PBXFileReference; lastKnownFileType = file.storyboard; name = Base; path = Base.lproj/Main.storyboard; sourceTree = "<group>"; };
		17135F441DD1E0BA00FF69D2 /* Assets.xcassets */ = {isa = PBXFileReference; lastKnownFileType = folder.assetcatalog; path = Assets.xcassets; sourceTree = "<group>"; };
		17135F471DD1E0BA00FF69D2 /* Base */ = {isa = PBXFileReference; lastKnownFileType = file.storyboard; name = Base; path = Base.lproj/LaunchScreen.storyboard; sourceTree = "<group>"; };
		17135F491DD1E0BA00FF69D2 /* Info.plist */ = {isa = PBXFileReference; lastKnownFileType = text.plist.xml; path = Info.plist; sourceTree = "<group>"; };
		76DB87C31DD1EA8900D9E912 /* Proxima-Nova-Bold.otf */ = {isa = PBXFileReference; lastKnownFileType = file; name = "Proxima-Nova-Bold.otf"; path = "../Proxima-Nova-Bold.otf"; sourceTree = "<group>"; };
		76DB87C41DD1EA8900D9E912 /* Proxima-Nova-Regular.otf */ = {isa = PBXFileReference; lastKnownFileType = file; name = "Proxima-Nova-Regular.otf"; path = "../Proxima-Nova-Regular.otf"; sourceTree = "<group>"; };
		76DB87C51DD1EA8900D9E912 /* VelinoDisplay-Medium.otf */ = {isa = PBXFileReference; lastKnownFileType = file; name = "VelinoDisplay-Medium.otf"; path = "../VelinoDisplay-Medium.otf"; sourceTree = "<group>"; };
/* End PBXFileReference section */

/* Begin PBXFrameworksBuildPhase section */
		17135F371DD1E0BA00FF69D2 /* Frameworks */ = {
			isa = PBXFrameworksBuildPhase;
			buildActionMask = 2147483647;
			files = (
			);
			runOnlyForDeploymentPostprocessing = 0;
		};
/* End PBXFrameworksBuildPhase section */

/* Begin PBXGroup section */
		17135F311DD1E0BA00FF69D2 = {
			isa = PBXGroup;
			children = (
				17135F3C1DD1E0BA00FF69D2 /* SwipingApp */,
				17135F3B1DD1E0BA00FF69D2 /* Products */,
			);
			sourceTree = "<group>";
		};
		17135F3B1DD1E0BA00FF69D2 /* Products */ = {
			isa = PBXGroup;
			children = (
				17135F3A1DD1E0BA00FF69D2 /* SwipingApp.app */,
			);
			name = Products;
			sourceTree = "<group>";
		};
		17135F3C1DD1E0BA00FF69D2 /* SwipingApp */ = {
			isa = PBXGroup;
			children = (
				17135F3D1DD1E0BA00FF69D2 /* AppDelegate.swift */,
				17135F3F1DD1E0BA00FF69D2 /* ViewController.swift */,
				17135F411DD1E0BA00FF69D2 /* Main.storyboard */,
				17135F441DD1E0BA00FF69D2 /* Assets.xcassets */,
				17135F461DD1E0BA00FF69D2 /* LaunchScreen.storyboard */,
				17135F491DD1E0BA00FF69D2 /* Info.plist */,
				76DB87C91DD1EA9700D9E912 /* Resources */,
			);
			path = SwipingApp;
			sourceTree = "<group>";
		};
		76DB87C91DD1EA9700D9E912 /* Resources */ = {
			isa = PBXGroup;
			children = (
				76DB87C31DD1EA8900D9E912 /* Proxima-Nova-Bold.otf */,
				76DB87C41DD1EA8900D9E912 /* Proxima-Nova-Regular.otf */,
				76DB87C51DD1EA8900D9E912 /* VelinoDisplay-Medium.otf */,
			);
			name = Resources;
			sourceTree = "<group>";
		};
/* End PBXGroup section */

/* Begin PBXNativeTarget section */
		17135F391DD1E0BA00FF69D2 /* SwipingApp */ = {
			isa = PBXNativeTarget;
			buildConfigurationList = 17135F4C1DD1E0BA00FF69D2 /* Build configuration list for PBXNativeTarget "SwipingApp" */;
			buildPhases = (
				17135F361DD1E0BA00FF69D2 /* Sources */,
				17135F371DD1E0BA00FF69D2 /* Frameworks */,
				17135F381DD1E0BA00FF69D2 /* Resources */,
			);
			buildRules = (
			);
			dependencies = (
			);
			name = SwipingApp;
			productName = SwipingApp;
			productReference = 17135F3A1DD1E0BA00FF69D2 /* SwipingApp.app */;
			productType = "com.apple.product-type.application";
		};
/* End PBXNativeTarget section */

/* Begin PBXProject section */
		17135F321DD1E0BA00FF69D2 /* Project object */ = {
			isa = PBXProject;
			attributes = {
				LastSwiftUpdateCheck = 0800;
				LastUpgradeCheck = 0800;
				TargetAttributes = {
					17135F391DD1E0BA00FF69D2 = {
						CreatedOnToolsVersion = 8.0;
						DevelopmentTeam = HZWL927386;
						ProvisioningStyle = Automatic;
					};
				};
			};
			buildConfigurationList = 17135F351DD1E0BA00FF69D2 /* Build configuration list for PBXProject "SwipingApp" */;
			compatibilityVersion = "Xcode 3.2";
			developmentRegion = English;
			hasScannedForEncodings = 0;
			knownRegions = (
				en,
				Base,
			);
			mainGroup = 17135F311DD1E0BA00FF69D2;
			productRefGroup = 17135F3B1DD1E0BA00FF69D2 /* Products */;
			projectDirPath = "";
			projectRoot = "";
			targets = (
				17135F391DD1E0BA00FF69D2 /* SwipingApp */,
			);
		};
/* End PBXProject section */

/* Begin PBXResourcesBuildPhase section */
		17135F381DD1E0BA00FF69D2 /* Resources */ = {
			isa = PBXResourcesBuildPhase;
			buildActionMask = 2147483647;
			files = (
				17135F481DD1E0BA00FF69D2 /* LaunchScreen.storyboard in Resources */,
				17135F451DD1E0BA00FF69D2 /* Assets.xcassets in Resources */,
				76DB87C81DD1EA8900D9E912 /* VelinoDisplay-Medium.otf in Resources */,
				76DB87C71DD1EA8900D9E912 /* Proxima-Nova-Regular.otf in Resources */,
				17135F431DD1E0BA00FF69D2 /* Main.storyboard in Resources */,
				76DB87C61DD1EA8900D9E912 /* Proxima-Nova-Bold.otf in Resources */,
			);
			runOnlyForDeploymentPostprocessing = 0;
		};
/* End PBXResourcesBuildPhase section */

/* Begin PBXSourcesBuildPhase section */
		17135F361DD1E0BA00FF69D2 /* Sources */ = {
			isa = PBXSourcesBuildPhase;
			buildActionMask = 2147483647;
			files = (
				17135F401DD1E0BA00FF69D2 /* ViewController.swift in Sources */,
				17135F3E1DD1E0BA00FF69D2 /* AppDelegate.swift in Sources */,
			);
			runOnlyForDeploymentPostprocessing = 0;
		};
/* End PBXSourcesBuildPhase section */

/* Begin PBXVariantGroup section */
		17135F411DD1E0BA00FF69D2 /* Main.storyboard */ = {
			isa = PBXVariantGroup;
			children = (
				17135F421DD1E0BA00FF69D2 /* Base */,
			);
			name = Main.storyboard;
			sourceTree = "<group>";
		};
		17135F461DD1E0BA00FF69D2 /* LaunchScreen.storyboard */ = {
			isa = PBXVariantGroup;
			children = (
				17135F471DD1E0BA00FF69D2 /* Base */,
			);
			name = LaunchScreen.storyboard;
			sourceTree = "<group>";
		};
/* End PBXVariantGroup section */

/* Begin XCBuildConfiguration section */
		17135F4A1DD1E0BA00FF69D2 /* Debug */ = {
			isa = XCBuildConfiguration;
			buildSettings = {
				ALWAYS_SEARCH_USER_PATHS = NO;
				CLANG_ANALYZER_NONNULL = YES;
				CLANG_CXX_LANGUAGE_STANDARD = "gnu++0x";
				CLANG_CXX_LIBRARY = "libc++";
				CLANG_ENABLE_MODULES = YES;
				CLANG_ENABLE_OBJC_ARC = YES;
				CLANG_WARN_BOOL_CONVERSION = YES;
				CLANG_WARN_CONSTANT_CONVERSION = YES;
				CLANG_WARN_DIRECT_OBJC_ISA_USAGE = YES_ERROR;
				CLANG_WARN_DOCUMENTATION_COMMENTS = YES;
				CLANG_WARN_EMPTY_BODY = YES;
				CLANG_WARN_ENUM_CONVERSION = YES;
				CLANG_WARN_INFINITE_RECURSION = YES;
				CLANG_WARN_INT_CONVERSION = YES;
				CLANG_WARN_OBJC_ROOT_CLASS = YES_ERROR;
				CLANG_WARN_SUSPICIOUS_MOVES = YES;
				CLANG_WARN_UNREACHABLE_CODE = YES;
				CLANG_WARN__DUPLICATE_METHOD_MATCH = YES;
				"CODE_SIGN_IDENTITY[sdk=iphoneos*]" = "iPhone Developer";
				COPY_PHASE_STRIP = NO;
				DEBUG_INFORMATION_FORMAT = dwarf;
				ENABLE_STRICT_OBJC_MSGSEND = YES;
				ENABLE_TESTABILITY = YES;
				GCC_C_LANGUAGE_STANDARD = gnu99;
				GCC_DYNAMIC_NO_PIC = NO;
				GCC_NO_COMMON_BLOCKS = YES;
				GCC_OPTIMIZATION_LEVEL = 0;
				GCC_PREPROCESSOR_DEFINITIONS = (
					"DEBUG=1",
					"$(inherited)",
				);
				GCC_WARN_64_TO_32_BIT_CONVERSION = YES;
				GCC_WARN_ABOUT_RETURN_TYPE = YES_ERROR;
				GCC_WARN_UNDECLARED_SELECTOR = YES;
				GCC_WARN_UNINITIALIZED_AUTOS = YES_AGGRESSIVE;
				GCC_WARN_UNUSED_FUNCTION = YES;
				GCC_WARN_UNUSED_VARIABLE = YES;
				IPHONEOS_DEPLOYMENT_TARGET = 10.0;
				MTL_ENABLE_DEBUG_INFO = YES;
				ONLY_ACTIVE_ARCH = YES;
				SDKROOT = iphoneos;
				SWIFT_ACTIVE_COMPILATION_CONDITIONS = DEBUG;
				SWIFT_OPTIMIZATION_LEVEL = "-Onone";
			};
			name = Debug;
		};
		17135F4B1DD1E0BA00FF69D2 /* Release */ = {
			isa = XCBuildConfiguration;
			buildSettings = {
				ALWAYS_SEARCH_USER_PATHS = NO;
				CLANG_ANALYZER_NONNULL = YES;
				CLANG_CXX_LANGUAGE_STANDARD = "gnu++0x";
				CLANG_CXX_LIBRARY = "libc++";
				CLANG_ENABLE_MODULES = YES;
				CLANG_ENABLE_OBJC_ARC = YES;
				CLANG_WARN_BOOL_CONVERSION = YES;
				CLANG_WARN_CONSTANT_CONVERSION = YES;
				CLANG_WARN_DIRECT_OBJC_ISA_USAGE = YES_ERROR;
				CLANG_WARN_DOCUMENTATION_COMMENTS = YES;
				CLANG_WARN_EMPTY_BODY = YES;
				CLANG_WARN_ENUM_CONVERSION = YES;
				CLANG_WARN_INFINITE_RECURSION = YES;
				CLANG_WARN_INT_CONVERSION = YES;
				CLANG_WARN_OBJC_ROOT_CLASS = YES_ERROR;
				CLANG_WARN_SUSPICIOUS_MOVES = YES;
				CLANG_WARN_UNREACHABLE_CODE = YES;
				CLANG_WARN__DUPLICATE_METHOD_MATCH = YES;
				"CODE_SIGN_IDENTITY[sdk=iphoneos*]" = "iPhone Developer";
				COPY_PHASE_STRIP = NO;
				DEBUG_INFORMATION_FORMAT = "dwarf-with-dsym";
				ENABLE_NS_ASSERTIONS = NO;
				ENABLE_STRICT_OBJC_MSGSEND = YES;
				GCC_C_LANGUAGE_STANDARD = gnu99;
				GCC_NO_COMMON_BLOCKS = YES;
				GCC_WARN_64_TO_32_BIT_CONVERSION = YES;
				GCC_WARN_ABOUT_RETURN_TYPE = YES_ERROR;
				GCC_WARN_UNDECLARED_SELECTOR = YES;
				GCC_WARN_UNINITIALIZED_AUTOS = YES_AGGRESSIVE;
				GCC_WARN_UNUSED_FUNCTION = YES;
				GCC_WARN_UNUSED_VARIABLE = YES;
				IPHONEOS_DEPLOYMENT_TARGET = 10.0;
				MTL_ENABLE_DEBUG_INFO = NO;
				SDKROOT = iphoneos;
				SWIFT_OPTIMIZATION_LEVEL = "-Owholemodule";
				VALIDATE_PRODUCT = YES;
			};
			name = Release;
		};
		17135F4D1DD1E0BA00FF69D2 /* Debug */ = {
			isa = XCBuildConfiguration;
			buildSettings = {
				ASSETCATALOG_COMPILER_APPICON_NAME = AppIcon;
				DEVELOPMENT_TEAM = HZWL927386;
				INFOPLIST_FILE = SwipingApp/Info.plist;
				LD_RUNPATH_SEARCH_PATHS = "$(inherited) @executable_path/Frameworks";
				PRODUCT_BUNDLE_IDENTIFIER = TAA.SwipingApp;
				PRODUCT_NAME = "$(TARGET_NAME)";
				SWIFT_VERSION = 3.0;
			};
			name = Debug;
		};
		17135F4E1DD1E0BA00FF69D2 /* Release */ = {
			isa = XCBuildConfiguration;
			buildSettings = {
				ASSETCATALOG_COMPILER_APPICON_NAME = AppIcon;
				DEVELOPMENT_TEAM = HZWL927386;
				INFOPLIST_FILE = SwipingApp/Info.plist;
				LD_RUNPATH_SEARCH_PATHS = "$(inherited) @executable_path/Frameworks";
				PRODUCT_BUNDLE_IDENTIFIER = TAA.SwipingApp;
				PRODUCT_NAME = "$(TARGET_NAME)";
				SWIFT_VERSION = 3.0;
			};
			name = Release;
		};
/* End XCBuildConfiguration section */

/* Begin XCConfigurationList section */
		17135F351DD1E0BA00FF69D2 /* Build configuration list for PBXProject "SwipingApp" */ = {
			isa = XCConfigurationList;
			buildConfigurations = (
				17135F4A1DD1E0BA00FF69D2 /* Debug */,
				17135F4B1DD1E0BA00FF69D2 /* Release */,
			);
			defaultConfigurationIsVisible = 0;
			defaultConfigurationName = Release;
		};
		17135F4C1DD1E0BA00FF69D2 /* Build configuration list for PBXNativeTarget "SwipingApp" */ = {
			isa = XCConfigurationList;
			buildConfigurations = (
				17135F4D1DD1E0BA00FF69D2 /* Debug */,
				17135F4E1DD1E0BA00FF69D2 /* Release */,
			);
			defaultConfigurationIsVisible = 0;
			defaultConfigurationName = Release;
		};
/* End XCConfigurationList section */
	};
	rootObject = 17135F321DD1E0BA00FF69D2 /* Project object */;
}
